// !$*UTF8*$!
{
	archiveVersion = 1;
	classes = {
	};
	objectVersion = 46;
	objects = {

/* Begin PBXBuildFile section */
		042551CE206E08710010F72A /* CoreLocation.framework in Frameworks */ = {isa = PBXBuildFile; fileRef = 042551CD206E08710010F72A /* CoreLocation.framework */; };
		04268399206EACE2006AC767 /* Locations.xcdatamodel in Sources */ = {isa = PBXBuildFile; fileRef = 04268398206EACE2006AC767 /* Locations.xcdatamodel */; };
		0426839D206EAE2E006AC767 /* CoreData.framework in Frameworks */ = {isa = PBXBuildFile; fileRef = 0426839C206EAE2E006AC767 /* CoreData.framework */; };
		042683E3206ED8FC006AC767 /* weathericons-regular-webfont.ttf in Resources */ = {isa = PBXBuildFile; fileRef = 042683E2206ED8FC006AC767 /* weathericons-regular-webfont.ttf */; };
		0429B8FC206CD96200953214 /* HealthKit.framework in Frameworks */ = {isa = PBXBuildFile; fileRef = 0429B8FB206CD96200953214 /* HealthKit.framework */; };
		0429B8FE206CD96800953214 /* HealthKitUI.framework in Frameworks */ = {isa = PBXBuildFile; fileRef = 0429B8FD206CD96800953214 /* HealthKitUI.framework */; };
		044AC7AD20715CE500750DD0 /* README.md in Resources */ = {isa = PBXBuildFile; fileRef = 044AC7AC20715CE400750DD0 /* README.md */; };
		0451E9B62070C97D0095434A /* EXPBreezometerService.swift in Sources */ = {isa = PBXBuildFile; fileRef = 0451E9B52070C97D0095434A /* EXPBreezometerService.swift */; };
		047C7B50206FD6E500E86A62 /* EXPWeatherIcon.swift in Sources */ = {isa = PBXBuildFile; fileRef = 047C7B4E206FD6E500E86A62 /* EXPWeatherIcon.swift */; };
		047C7B52206FD73F00E86A62 /* EXPOpenWeatherMapService.swift in Sources */ = {isa = PBXBuildFile; fileRef = 047C7B51206FD73E00E86A62 /* EXPOpenWeatherMapService.swift */; };
		04BB5EEB206FD83D0081873C /* EXPError.swift in Sources */ = {isa = PBXBuildFile; fileRef = 04BB5EEA206FD83D0081873C /* EXPError.swift */; };
		9E4F7FDB3A7B51A010ADD480 /* Pods_Exposome.framework in Frameworks */ = {isa = PBXBuildFile; fileRef = D290C7F71DFFABF03251CF05 /* Pods_Exposome.framework */; };
		E269C8421C6A31C4003E5DD9 /* AppDelegate.swift in Sources */ = {isa = PBXBuildFile; fileRef = E269C8411C6A31C4003E5DD9 /* AppDelegate.swift */; };
		E269C8441C6A31C4003E5DD9 /* EXPViewController.swift in Sources */ = {isa = PBXBuildFile; fileRef = E269C8431C6A31C4003E5DD9 /* EXPViewController.swift */; };
		E269C8471C6A31C5003E5DD9 /* Main.storyboard in Resources */ = {isa = PBXBuildFile; fileRef = E269C8451C6A31C5003E5DD9 /* Main.storyboard */; };
		E269C8491C6A31C5003E5DD9 /* Assets.xcassets in Resources */ = {isa = PBXBuildFile; fileRef = E269C8481C6A31C5003E5DD9 /* Assets.xcassets */; };
		E269C84C1C6A31C5003E5DD9 /* LaunchScreen.storyboard in Resources */ = {isa = PBXBuildFile; fileRef = E269C84A1C6A31C5003E5DD9 /* LaunchScreen.storyboard */; };
		E269C8571C6A31C7003E5DD9 /* ExposomeTests.swift in Sources */ = {isa = PBXBuildFile; fileRef = E269C8561C6A31C7003E5DD9 /* ExposomeTests.swift */; };
		E269C8621C6A31C7003E5DD9 /* ExposomeUITests.swift in Sources */ = {isa = PBXBuildFile; fileRef = E269C8611C6A31C7003E5DD9 /* ExposomeUITests.swift */; };
		E269C8721C6BBDC4003E5DD9 /* MapKit.framework in Frameworks */ = {isa = PBXBuildFile; fileRef = E269C8711C6BBDC4003E5DD9 /* MapKit.framework */; };
/* End PBXBuildFile section */

/* Begin PBXContainerItemProxy section */
		E269C8531C6A31C7003E5DD9 /* PBXContainerItemProxy */ = {
			isa = PBXContainerItemProxy;
			containerPortal = E269C8361C6A31C3003E5DD9 /* Project object */;
			proxyType = 1;
			remoteGlobalIDString = E269C83D1C6A31C4003E5DD9;
			remoteInfo = IOS9DrawRouteMapKitTutorial;
		};
		E269C85E1C6A31C7003E5DD9 /* PBXContainerItemProxy */ = {
			isa = PBXContainerItemProxy;
			containerPortal = E269C8361C6A31C3003E5DD9 /* Project object */;
			proxyType = 1;
			remoteGlobalIDString = E269C83D1C6A31C4003E5DD9;
			remoteInfo = IOS9DrawRouteMapKitTutorial;
		};
/* End PBXContainerItemProxy section */

/* Begin PBXFileReference section */
		042551CD206E08710010F72A /* CoreLocation.framework */ = {isa = PBXFileReference; lastKnownFileType = wrapper.framework; name = CoreLocation.framework; path = System/Library/Frameworks/CoreLocation.framework; sourceTree = SDKROOT; };
		04268398206EACE2006AC767 /* Locations.xcdatamodel */ = {isa = PBXFileReference; lastKnownFileType = wrapper.xcdatamodel; path = Locations.xcdatamodel; sourceTree = "<group>"; };
		0426839C206EAE2E006AC767 /* CoreData.framework */ = {isa = PBXFileReference; lastKnownFileType = wrapper.framework; name = CoreData.framework; path = System/Library/Frameworks/CoreData.framework; sourceTree = SDKROOT; };
		042683E2206ED8FC006AC767 /* weathericons-regular-webfont.ttf */ = {isa = PBXFileReference; lastKnownFileType = file; path = "weathericons-regular-webfont.ttf"; sourceTree = "<group>"; };
		0429B8FB206CD96200953214 /* HealthKit.framework */ = {isa = PBXFileReference; lastKnownFileType = wrapper.framework; name = HealthKit.framework; path = System/Library/Frameworks/HealthKit.framework; sourceTree = SDKROOT; };
		0429B8FD206CD96800953214 /* HealthKitUI.framework */ = {isa = PBXFileReference; lastKnownFileType = wrapper.framework; name = HealthKitUI.framework; path = System/Library/Frameworks/HealthKitUI.framework; sourceTree = SDKROOT; };
		044AC7AC20715CE400750DD0 /* README.md */ = {isa = PBXFileReference; fileEncoding = 4; lastKnownFileType = net.daringfireball.markdown; path = README.md; sourceTree = "<group>"; };
		0451E9B52070C97D0095434A /* EXPBreezometerService.swift */ = {isa = PBXFileReference; fileEncoding = 4; lastKnownFileType = sourcecode.swift; path = EXPBreezometerService.swift; sourceTree = "<group>"; };
		0451E9B72070DBF70095434A /* Exposome.entitlements */ = {isa = PBXFileReference; lastKnownFileType = text.plist.entitlements; path = Exposome.entitlements; sourceTree = "<group>"; };
		047C7B4E206FD6E500E86A62 /* EXPWeatherIcon.swift */ = {isa = PBXFileReference; fileEncoding = 4; lastKnownFileType = sourcecode.swift; path = EXPWeatherIcon.swift; sourceTree = "<group>"; };
		047C7B51206FD73E00E86A62 /* EXPOpenWeatherMapService.swift */ = {isa = PBXFileReference; fileEncoding = 4; lastKnownFileType = sourcecode.swift; path = EXPOpenWeatherMapService.swift; sourceTree = "<group>"; };
		04BB5EEA206FD83D0081873C /* EXPError.swift */ = {isa = PBXFileReference; fileEncoding = 4; lastKnownFileType = sourcecode.swift; path = EXPError.swift; sourceTree = "<group>"; };
		AB45A96971D00F869490F239 /* Pods-Exposome.debug.xcconfig */ = {isa = PBXFileReference; includeInIndex = 1; lastKnownFileType = text.xcconfig; name = "Pods-Exposome.debug.xcconfig"; path = "Pods/Target Support Files/Pods-Exposome/Pods-Exposome.debug.xcconfig"; sourceTree = "<group>"; };
		D290C7F71DFFABF03251CF05 /* Pods_Exposome.framework */ = {isa = PBXFileReference; explicitFileType = wrapper.framework; includeInIndex = 0; path = Pods_Exposome.framework; sourceTree = BUILT_PRODUCTS_DIR; };
		E269C83E1C6A31C4003E5DD9 /* Exposome.app */ = {isa = PBXFileReference; explicitFileType = wrapper.application; includeInIndex = 0; path = Exposome.app; sourceTree = BUILT_PRODUCTS_DIR; };
		E269C8411C6A31C4003E5DD9 /* AppDelegate.swift */ = {isa = PBXFileReference; lastKnownFileType = sourcecode.swift; path = AppDelegate.swift; sourceTree = "<group>"; };
		E269C8431C6A31C4003E5DD9 /* EXPViewController.swift */ = {isa = PBXFileReference; lastKnownFileType = sourcecode.swift; path = EXPViewController.swift; sourceTree = "<group>"; };
		E269C8461C6A31C5003E5DD9 /* Base */ = {isa = PBXFileReference; lastKnownFileType = file.storyboard; name = Base; path = Base.lproj/Main.storyboard; sourceTree = "<group>"; };
		E269C8481C6A31C5003E5DD9 /* Assets.xcassets */ = {isa = PBXFileReference; lastKnownFileType = folder.assetcatalog; path = Assets.xcassets; sourceTree = "<group>"; };
		E269C84B1C6A31C5003E5DD9 /* Base */ = {isa = PBXFileReference; lastKnownFileType = file.storyboard; name = Base; path = Base.lproj/LaunchScreen.storyboard; sourceTree = "<group>"; };
		E269C84D1C6A31C5003E5DD9 /* Info.plist */ = {isa = PBXFileReference; lastKnownFileType = text.plist.xml; path = Info.plist; sourceTree = "<group>"; };
		E269C8521C6A31C7003E5DD9 /* ExposomeTests.xctest */ = {isa = PBXFileReference; explicitFileType = wrapper.cfbundle; includeInIndex = 0; path = ExposomeTests.xctest; sourceTree = BUILT_PRODUCTS_DIR; };
		E269C8561C6A31C7003E5DD9 /* ExposomeTests.swift */ = {isa = PBXFileReference; lastKnownFileType = sourcecode.swift; path = ExposomeTests.swift; sourceTree = "<group>"; };
		E269C8581C6A31C7003E5DD9 /* Info.plist */ = {isa = PBXFileReference; lastKnownFileType = text.plist.xml; path = Info.plist; sourceTree = "<group>"; };
		E269C85D1C6A31C7003E5DD9 /* ExposomeUITests.xctest */ = {isa = PBXFileReference; explicitFileType = wrapper.cfbundle; includeInIndex = 0; path = ExposomeUITests.xctest; sourceTree = BUILT_PRODUCTS_DIR; };
		E269C8611C6A31C7003E5DD9 /* ExposomeUITests.swift */ = {isa = PBXFileReference; lastKnownFileType = sourcecode.swift; path = ExposomeUITests.swift; sourceTree = "<group>"; };
		E269C8631C6A31C7003E5DD9 /* Info.plist */ = {isa = PBXFileReference; lastKnownFileType = text.plist.xml; path = Info.plist; sourceTree = "<group>"; };
		E269C8711C6BBDC4003E5DD9 /* MapKit.framework */ = {isa = PBXFileReference; lastKnownFileType = wrapper.framework; name = MapKit.framework; path = System/Library/Frameworks/MapKit.framework; sourceTree = SDKROOT; };
		F539981D0BEAB245E3F8C825 /* Pods-Exposome.release.xcconfig */ = {isa = PBXFileReference; includeInIndex = 1; lastKnownFileType = text.xcconfig; name = "Pods-Exposome.release.xcconfig"; path = "Pods/Target Support Files/Pods-Exposome/Pods-Exposome.release.xcconfig"; sourceTree = "<group>"; };
/* End PBXFileReference section */

/* Begin PBXFrameworksBuildPhase section */
		E269C83B1C6A31C4003E5DD9 /* Frameworks */ = {
			isa = PBXFrameworksBuildPhase;
			buildActionMask = 2147483647;
			files = (
				0426839D206EAE2E006AC767 /* CoreData.framework in Frameworks */,
				042551CE206E08710010F72A /* CoreLocation.framework in Frameworks */,
				0429B8FE206CD96800953214 /* HealthKitUI.framework in Frameworks */,
				0429B8FC206CD96200953214 /* HealthKit.framework in Frameworks */,
				E269C8721C6BBDC4003E5DD9 /* MapKit.framework in Frameworks */,
				9E4F7FDB3A7B51A010ADD480 /* Pods_Exposome.framework in Frameworks */,
			);
			runOnlyForDeploymentPostprocessing = 0;
		};
		E269C84F1C6A31C7003E5DD9 /* Frameworks */ = {
			isa = PBXFrameworksBuildPhase;
			buildActionMask = 2147483647;
			files = (
			);
			runOnlyForDeploymentPostprocessing = 0;
		};
		E269C85A1C6A31C7003E5DD9 /* Frameworks */ = {
			isa = PBXFrameworksBuildPhase;
			buildActionMask = 2147483647;
			files = (
			);
			runOnlyForDeploymentPostprocessing = 0;
		};
/* End PBXFrameworksBuildPhase section */

/* Begin PBXGroup section */
		042683E1206ED8FC006AC767 /* fonts */ = {
			isa = PBXGroup;
			children = (
				042683E2206ED8FC006AC767 /* weathericons-regular-webfont.ttf */,
			);
			path = fonts;
			sourceTree = "<group>";
		};
		0429B8FA206CD96200953214 /* Frameworks */ = {
			isa = PBXGroup;
			children = (
				0426839C206EAE2E006AC767 /* CoreData.framework */,
				042551CD206E08710010F72A /* CoreLocation.framework */,
				0429B8FD206CD96800953214 /* HealthKitUI.framework */,
				0429B8FB206CD96200953214 /* HealthKit.framework */,
				D290C7F71DFFABF03251CF05 /* Pods_Exposome.framework */,
			);
			name = Frameworks;
			sourceTree = "<group>";
		};
		04E315BE207239AD0094BC47 /* Models */ = {
			isa = PBXGroup;
			children = (
				0451E9B52070C97D0095434A /* EXPBreezometerService.swift */,
				04BB5EEA206FD83D0081873C /* EXPError.swift */,
				047C7B51206FD73E00E86A62 /* EXPOpenWeatherMapService.swift */,
				047C7B4E206FD6E500E86A62 /* EXPWeatherIcon.swift */,
			);
			path = Models;
			sourceTree = "<group>";
		};
		04E315BF207239B60094BC47 /* ViewControllers */ = {
			isa = PBXGroup;
			children = (
				E269C8431C6A31C4003E5DD9 /* EXPViewController.swift */,
			);
			path = ViewControllers;
			sourceTree = "<group>";
		};
		04E315C0207239CE0094BC47 /* Resources */ = {
			isa = PBXGroup;
			children = (
				E269C8481C6A31C5003E5DD9 /* Assets.xcassets */,
				0451E9B72070DBF70095434A /* Exposome.entitlements */,
				E269C84A1C6A31C5003E5DD9 /* LaunchScreen.storyboard */,
				04268398206EACE2006AC767 /* Locations.xcdatamodel */,
				E269C8451C6A31C5003E5DD9 /* Main.storyboard */,
			);
			path = Resources;
			sourceTree = "<group>";
		};
		85DF4789C7956C5D5A24F3A5 /* Pods */ = {
			isa = PBXGroup;
			children = (
				AB45A96971D00F869490F239 /* Pods-Exposome.debug.xcconfig */,
				F539981D0BEAB245E3F8C825 /* Pods-Exposome.release.xcconfig */,
			);
			name = Pods;
			sourceTree = "<group>";
		};
		E269C8351C6A31C3003E5DD9 = {
			isa = PBXGroup;
			children = (
				044AC7AC20715CE400750DD0 /* README.md */,
				E269C8711C6BBDC4003E5DD9 /* MapKit.framework */,
				E269C8401C6A31C4003E5DD9 /* Exposome */,
				E269C8551C6A31C7003E5DD9 /* ExposomeTests */,
				E269C8601C6A31C7003E5DD9 /* ExposomeUITests */,
				E269C83F1C6A31C4003E5DD9 /* Products */,
				0429B8FA206CD96200953214 /* Frameworks */,
				85DF4789C7956C5D5A24F3A5 /* Pods */,
			);
			sourceTree = "<group>";
		};
		E269C83F1C6A31C4003E5DD9 /* Products */ = {
			isa = PBXGroup;
			children = (
				E269C83E1C6A31C4003E5DD9 /* Exposome.app */,
				E269C8521C6A31C7003E5DD9 /* ExposomeTests.xctest */,
				E269C85D1C6A31C7003E5DD9 /* ExposomeUITests.xctest */,
			);
			name = Products;
			sourceTree = "<group>";
		};
		E269C8401C6A31C4003E5DD9 /* Exposome */ = {
			isa = PBXGroup;
			children = (
				04E315C0207239CE0094BC47 /* Resources */,
				04E315BF207239B60094BC47 /* ViewControllers */,
				04E315BE207239AD0094BC47 /* Models */,
				E269C8411C6A31C4003E5DD9 /* AppDelegate.swift */,
				042683E1206ED8FC006AC767 /* fonts */,
				E269C84D1C6A31C5003E5DD9 /* Info.plist */,
			);
			path = Exposome;
			sourceTree = "<group>";
		};
		E269C8551C6A31C7003E5DD9 /* ExposomeTests */ = {
			isa = PBXGroup;
			children = (
				E269C8561C6A31C7003E5DD9 /* ExposomeTests.swift */,
				E269C8581C6A31C7003E5DD9 /* Info.plist */,
			);
			path = ExposomeTests;
			sourceTree = "<group>";
		};
		E269C8601C6A31C7003E5DD9 /* ExposomeUITests */ = {
			isa = PBXGroup;
			children = (
				E269C8611C6A31C7003E5DD9 /* ExposomeUITests.swift */,
				E269C8631C6A31C7003E5DD9 /* Info.plist */,
			);
			path = ExposomeUITests;
			sourceTree = "<group>";
		};
/* End PBXGroup section */

/* Begin PBXNativeTarget section */
		E269C83D1C6A31C4003E5DD9 /* Exposome */ = {
			isa = PBXNativeTarget;
			buildConfigurationList = E269C8661C6A31C7003E5DD9 /* Build configuration list for PBXNativeTarget "Exposome" */;
			buildPhases = (
				0CD894E38893ED9CD5DCA995 /* [CP] Check Pods Manifest.lock */,
				E269C83A1C6A31C4003E5DD9 /* Sources */,
				E269C83B1C6A31C4003E5DD9 /* Frameworks */,
				E269C83C1C6A31C4003E5DD9 /* Resources */,
				40B2D6C149AC30A7C1DC4E7F /* [CP] Embed Pods Frameworks */,
				AC02531937920285F8DE3266 /* [CP] Copy Pods Resources */,
			);
			buildRules = (
			);
			dependencies = (
			);
			name = Exposome;
			productName = IOS9DrawRouteMapKitTutorial;
			productReference = E269C83E1C6A31C4003E5DD9 /* Exposome.app */;
			productType = "com.apple.product-type.application";
		};
		E269C8511C6A31C7003E5DD9 /* ExposomeTests */ = {
			isa = PBXNativeTarget;
			buildConfigurationList = E269C8691C6A31C7003E5DD9 /* Build configuration list for PBXNativeTarget "ExposomeTests" */;
			buildPhases = (
				E269C84E1C6A31C7003E5DD9 /* Sources */,
				E269C84F1C6A31C7003E5DD9 /* Frameworks */,
				E269C8501C6A31C7003E5DD9 /* Resources */,
			);
			buildRules = (
			);
			dependencies = (
				E269C8541C6A31C7003E5DD9 /* PBXTargetDependency */,
			);
			name = ExposomeTests;
			productName = IOS9DrawRouteMapKitTutorialTests;
			productReference = E269C8521C6A31C7003E5DD9 /* ExposomeTests.xctest */;
			productType = "com.apple.product-type.bundle.unit-test";
		};
		E269C85C1C6A31C7003E5DD9 /* ExposomeUITests */ = {
			isa = PBXNativeTarget;
			buildConfigurationList = E269C86C1C6A31C7003E5DD9 /* Build configuration list for PBXNativeTarget "ExposomeUITests" */;
			buildPhases = (
				E269C8591C6A31C7003E5DD9 /* Sources */,
				E269C85A1C6A31C7003E5DD9 /* Frameworks */,
				E269C85B1C6A31C7003E5DD9 /* Resources */,
			);
			buildRules = (
			);
			dependencies = (
				E269C85F1C6A31C7003E5DD9 /* PBXTargetDependency */,
			);
			name = ExposomeUITests;
			productName = IOS9DrawRouteMapKitTutorialUITests;
			productReference = E269C85D1C6A31C7003E5DD9 /* ExposomeUITests.xctest */;
			productType = "com.apple.product-type.bundle.ui-testing";
		};
/* End PBXNativeTarget section */

/* Begin PBXProject section */
		E269C8361C6A31C3003E5DD9 /* Project object */ = {
			isa = PBXProject;
			attributes = {
				LastSwiftUpdateCheck = 0720;
				LastUpgradeCheck = 0930;
				ORGANIZATIONNAME = "Arthur Knopper";
				TargetAttributes = {
					E269C83D1C6A31C4003E5DD9 = {
						CreatedOnToolsVersion = 7.2.1;
						DevelopmentTeam = BH7Z7SE66T;
						SystemCapabilities = {
							com.apple.BackgroundModes = {
								enabled = 1;
							};
							com.apple.Maps.iOS = {
								enabled = 1;
							};
							com.apple.iCloud = {
								enabled = 1;
							};
						};
					};
					E269C8511C6A31C7003E5DD9 = {
						CreatedOnToolsVersion = 7.2.1;
						TestTargetID = E269C83D1C6A31C4003E5DD9;
					};
					E269C85C1C6A31C7003E5DD9 = {
						CreatedOnToolsVersion = 7.2.1;
						TestTargetID = E269C83D1C6A31C4003E5DD9;
					};
				};
			};
			buildConfigurationList = E269C8391C6A31C3003E5DD9 /* Build configuration list for PBXProject "Exposome" */;
			compatibilityVersion = "Xcode 3.2";
			developmentRegion = English;
			hasScannedForEncodings = 0;
			knownRegions = (
				en,
				Base,
			);
			mainGroup = E269C8351C6A31C3003E5DD9;
			productRefGroup = E269C83F1C6A31C4003E5DD9 /* Products */;
			projectDirPath = "";
			projectRoot = "";
			targets = (
				E269C83D1C6A31C4003E5DD9 /* Exposome */,
				E269C8511C6A31C7003E5DD9 /* ExposomeTests */,
				E269C85C1C6A31C7003E5DD9 /* ExposomeUITests */,
			);
		};
/* End PBXProject section */

/* Begin PBXResourcesBuildPhase section */
		E269C83C1C6A31C4003E5DD9 /* Resources */ = {
			isa = PBXResourcesBuildPhase;
			buildActionMask = 2147483647;
			files = (
				E269C84C1C6A31C5003E5DD9 /* LaunchScreen.storyboard in Resources */,
				E269C8491C6A31C5003E5DD9 /* Assets.xcassets in Resources */,
				044AC7AD20715CE500750DD0 /* README.md in Resources */,
				042683E3206ED8FC006AC767 /* weathericons-regular-webfont.ttf in Resources */,
				E269C8471C6A31C5003E5DD9 /* Main.storyboard in Resources */,
			);
			runOnlyForDeploymentPostprocessing = 0;
		};
		E269C8501C6A31C7003E5DD9 /* Resources */ = {
			isa = PBXResourcesBuildPhase;
			buildActionMask = 2147483647;
			files = (
			);
			runOnlyForDeploymentPostprocessing = 0;
		};
		E269C85B1C6A31C7003E5DD9 /* Resources */ = {
			isa = PBXResourcesBuildPhase;
			buildActionMask = 2147483647;
			files = (
			);
			runOnlyForDeploymentPostprocessing = 0;
		};
/* End PBXResourcesBuildPhase section */

/* Begin PBXShellScriptBuildPhase section */
		0CD894E38893ED9CD5DCA995 /* [CP] Check Pods Manifest.lock */ = {
			isa = PBXShellScriptBuildPhase;
			buildActionMask = 2147483647;
			files = (
			);
			inputPaths = (
				"${PODS_PODFILE_DIR_PATH}/Podfile.lock",
				"${PODS_ROOT}/Manifest.lock",
			);
			name = "[CP] Check Pods Manifest.lock";
			outputPaths = (
				"$(DERIVED_FILE_DIR)/Pods-Exposome-checkManifestLockResult.txt",
			);
			runOnlyForDeploymentPostprocessing = 0;
			shellPath = /bin/sh;
			shellScript = "diff \"${PODS_PODFILE_DIR_PATH}/Podfile.lock\" \"${PODS_ROOT}/Manifest.lock\" > /dev/null\nif [ $? != 0 ] ; then\n    # print error to STDERR\n    echo \"error: The sandbox is not in sync with the Podfile.lock. Run 'pod install' or update your CocoaPods installation.\" >&2\n    exit 1\nfi\n# This output is used by Xcode 'outputs' to avoid re-running this script phase.\necho \"SUCCESS\" > \"${SCRIPT_OUTPUT_FILE_0}\"\n";
			showEnvVarsInLog = 0;
		};
		40B2D6C149AC30A7C1DC4E7F /* [CP] Embed Pods Frameworks */ = {
			isa = PBXShellScriptBuildPhase;
			buildActionMask = 2147483647;
			files = (
			);
			inputPaths = (
				"${SRCROOT}/Pods/Target Support Files/Pods-Exposome/Pods-Exposome-frameworks.sh",
				"${BUILT_PRODUCTS_DIR}/SwiftyJSON/SwiftyJSON.framework",
			);
			name = "[CP] Embed Pods Frameworks";
			outputPaths = (
				"${TARGET_BUILD_DIR}/${FRAMEWORKS_FOLDER_PATH}/SwiftyJSON.framework",
			);
			runOnlyForDeploymentPostprocessing = 0;
			shellPath = /bin/sh;
			shellScript = "\"${SRCROOT}/Pods/Target Support Files/Pods-Exposome/Pods-Exposome-frameworks.sh\"\n";
			showEnvVarsInLog = 0;
		};
		AC02531937920285F8DE3266 /* [CP] Copy Pods Resources */ = {
			isa = PBXShellScriptBuildPhase;
			buildActionMask = 2147483647;
			files = (
			);
			inputPaths = (
			);
			name = "[CP] Copy Pods Resources";
			outputPaths = (
			);
			runOnlyForDeploymentPostprocessing = 0;
			shellPath = /bin/sh;
			shellScript = "\"${SRCROOT}/Pods/Target Support Files/Pods-Exposome/Pods-Exposome-resources.sh\"\n";
			showEnvVarsInLog = 0;
		};
/* End PBXShellScriptBuildPhase section */

/* Begin PBXSourcesBuildPhase section */
		E269C83A1C6A31C4003E5DD9 /* Sources */ = {
			isa = PBXSourcesBuildPhase;
			buildActionMask = 2147483647;
			files = (
				0451E9B62070C97D0095434A /* EXPBreezometerService.swift in Sources */,
				E269C8441C6A31C4003E5DD9 /* EXPViewController.swift in Sources */,
				047C7B52206FD73F00E86A62 /* EXPOpenWeatherMapService.swift in Sources */,
				047C7B50206FD6E500E86A62 /* EXPWeatherIcon.swift in Sources */,
				04268399206EACE2006AC767 /* Locations.xcdatamodel in Sources */,
				04BB5EEB206FD83D0081873C /* EXPError.swift in Sources */,
				E269C8421C6A31C4003E5DD9 /* AppDelegate.swift in Sources */,
			);
			runOnlyForDeploymentPostprocessing = 0;
		};
		E269C84E1C6A31C7003E5DD9 /* Sources */ = {
			isa = PBXSourcesBuildPhase;
			buildActionMask = 2147483647;
			files = (
				E269C8571C6A31C7003E5DD9 /* ExposomeTests.swift in Sources */,
			);
			runOnlyForDeploymentPostprocessing = 0;
		};
		E269C8591C6A31C7003E5DD9 /* Sources */ = {
			isa = PBXSourcesBuildPhase;
			buildActionMask = 2147483647;
			files = (
				E269C8621C6A31C7003E5DD9 /* ExposomeUITests.swift in Sources */,
			);
			runOnlyForDeploymentPostprocessing = 0;
		};
/* End PBXSourcesBuildPhase section */

/* Begin PBXTargetDependency section */
		E269C8541C6A31C7003E5DD9 /* PBXTargetDependency */ = {
			isa = PBXTargetDependency;
			target = E269C83D1C6A31C4003E5DD9 /* Exposome */;
			targetProxy = E269C8531C6A31C7003E5DD9 /* PBXContainerItemProxy */;
		};
		E269C85F1C6A31C7003E5DD9 /* PBXTargetDependency */ = {
			isa = PBXTargetDependency;
			target = E269C83D1C6A31C4003E5DD9 /* Exposome */;
			targetProxy = E269C85E1C6A31C7003E5DD9 /* PBXContainerItemProxy */;
		};
/* End PBXTargetDependency section */

/* Begin PBXVariantGroup section */
		E269C8451C6A31C5003E5DD9 /* Main.storyboard */ = {
			isa = PBXVariantGroup;
			children = (
				E269C8461C6A31C5003E5DD9 /* Base */,
			);
			name = Main.storyboard;
			sourceTree = "<group>";
		};
		E269C84A1C6A31C5003E5DD9 /* LaunchScreen.storyboard */ = {
			isa = PBXVariantGroup;
			children = (
				E269C84B1C6A31C5003E5DD9 /* Base */,
			);
			name = LaunchScreen.storyboard;
			sourceTree = "<group>";
		};
/* End PBXVariantGroup section */

/* Begin XCBuildConfiguration section */
		E269C8641C6A31C7003E5DD9 /* Debug */ = {
			isa = XCBuildConfiguration;
			buildSettings = {
				ALWAYS_SEARCH_USER_PATHS = NO;
				CLANG_CXX_LANGUAGE_STANDARD = "gnu++0x";
				CLANG_CXX_LIBRARY = "libc++";
				CLANG_ENABLE_MODULES = YES;
				CLANG_ENABLE_OBJC_ARC = YES;
				CLANG_WARN_BLOCK_CAPTURE_AUTORELEASING = YES;
				CLANG_WARN_BOOL_CONVERSION = YES;
				CLANG_WARN_COMMA = YES;
				CLANG_WARN_CONSTANT_CONVERSION = YES;
				CLANG_WARN_DEPRECATED_OBJC_IMPLEMENTATIONS = YES;
				CLANG_WARN_DIRECT_OBJC_ISA_USAGE = YES_ERROR;
				CLANG_WARN_EMPTY_BODY = YES;
				CLANG_WARN_ENUM_CONVERSION = YES;
				CLANG_WARN_INFINITE_RECURSION = YES;
				CLANG_WARN_INT_CONVERSION = YES;
				CLANG_WARN_NON_LITERAL_NULL_CONVERSION = YES;
				CLANG_WARN_OBJC_IMPLICIT_RETAIN_SELF = YES;
				CLANG_WARN_OBJC_LITERAL_CONVERSION = YES;
				CLANG_WARN_OBJC_ROOT_CLASS = YES_ERROR;
				CLANG_WARN_RANGE_LOOP_ANALYSIS = YES;
				CLANG_WARN_STRICT_PROTOTYPES = YES;
				CLANG_WARN_SUSPICIOUS_MOVE = YES;
				CLANG_WARN_UNREACHABLE_CODE = YES;
				CLANG_WARN__DUPLICATE_METHOD_MATCH = YES;
				"CODE_SIGN_IDENTITY[sdk=iphoneos*]" = "iPhone Developer";
				COPY_PHASE_STRIP = NO;
				DEBUG_INFORMATION_FORMAT = dwarf;
				ENABLE_STRICT_OBJC_MSGSEND = YES;
				ENABLE_TESTABILITY = YES;
				GCC_C_LANGUAGE_STANDARD = gnu99;
				GCC_DYNAMIC_NO_PIC = NO;
				GCC_NO_COMMON_BLOCKS = YES;
				GCC_OPTIMIZATION_LEVEL = 0;
				GCC_PREPROCESSOR_DEFINITIONS = (
					"DEBUG=1",
					"$(inherited)",
				);
				GCC_WARN_64_TO_32_BIT_CONVERSION = YES;
				GCC_WARN_ABOUT_RETURN_TYPE = YES_ERROR;
				GCC_WARN_UNDECLARED_SELECTOR = YES;
				GCC_WARN_UNINITIALIZED_AUTOS = YES_AGGRESSIVE;
				GCC_WARN_UNUSED_FUNCTION = YES;
				GCC_WARN_UNUSED_VARIABLE = YES;
				IPHONEOS_DEPLOYMENT_TARGET = 9.2;
				MTL_ENABLE_DEBUG_INFO = YES;
				ONLY_ACTIVE_ARCH = YES;
				SDKROOT = iphoneos;
				SWIFT_OPTIMIZATION_LEVEL = "-Onone";
			};
			name = Debug;
		};
		E269C8651C6A31C7003E5DD9 /* Release */ = {
			isa = XCBuildConfiguration;
			buildSettings = {
				ALWAYS_SEARCH_USER_PATHS = NO;
				CLANG_CXX_LANGUAGE_STANDARD = "gnu++0x";
				CLANG_CXX_LIBRARY = "libc++";
				CLANG_ENABLE_MODULES = YES;
				CLANG_ENABLE_OBJC_ARC = YES;
				CLANG_WARN_BLOCK_CAPTURE_AUTORELEASING = YES;
				CLANG_WARN_BOOL_CONVERSION = YES;
				CLANG_WARN_COMMA = YES;
				CLANG_WARN_CONSTANT_CONVERSION = YES;
				CLANG_WARN_DEPRECATED_OBJC_IMPLEMENTATIONS = YES;
				CLANG_WARN_DIRECT_OBJC_ISA_USAGE = YES_ERROR;
				CLANG_WARN_EMPTY_BODY = YES;
				CLANG_WARN_ENUM_CONVERSION = YES;
				CLANG_WARN_INFINITE_RECURSION = YES;
				CLANG_WARN_INT_CONVERSION = YES;
				CLANG_WARN_NON_LITERAL_NULL_CONVERSION = YES;
				CLANG_WARN_OBJC_IMPLICIT_RETAIN_SELF = YES;
				CLANG_WARN_OBJC_LITERAL_CONVERSION = YES;
				CLANG_WARN_OBJC_ROOT_CLASS = YES_ERROR;
				CLANG_WARN_RANGE_LOOP_ANALYSIS = YES;
				CLANG_WARN_STRICT_PROTOTYPES = YES;
				CLANG_WARN_SUSPICIOUS_MOVE = YES;
				CLANG_WARN_UNREACHABLE_CODE = YES;
				CLANG_WARN__DUPLICATE_METHOD_MATCH = YES;
				"CODE_SIGN_IDENTITY[sdk=iphoneos*]" = "iPhone Developer";
				COPY_PHASE_STRIP = NO;
				DEBUG_INFORMATION_FORMAT = "dwarf-with-dsym";
				ENABLE_NS_ASSERTIONS = NO;
				ENABLE_STRICT_OBJC_MSGSEND = YES;
				GCC_C_LANGUAGE_STANDARD = gnu99;
				GCC_NO_COMMON_BLOCKS = YES;
				GCC_WARN_64_TO_32_BIT_CONVERSION = YES;
				GCC_WARN_ABOUT_RETURN_TYPE = YES_ERROR;
				GCC_WARN_UNDECLARED_SELECTOR = YES;
				GCC_WARN_UNINITIALIZED_AUTOS = YES_AGGRESSIVE;
				GCC_WARN_UNUSED_FUNCTION = YES;
				GCC_WARN_UNUSED_VARIABLE = YES;
				IPHONEOS_DEPLOYMENT_TARGET = 9.2;
				MTL_ENABLE_DEBUG_INFO = NO;
				SDKROOT = iphoneos;
				SWIFT_COMPILATION_MODE = wholemodule;
				VALIDATE_PRODUCT = YES;
			};
			name = Release;
		};
		E269C8671C6A31C7003E5DD9 /* Debug */ = {
			isa = XCBuildConfiguration;
			baseConfigurationReference = AB45A96971D00F869490F239 /* Pods-Exposome.debug.xcconfig */;
			buildSettings = {
				ASSETCATALOG_COMPILER_APPICON_NAME = AppIcon;
				CODE_SIGN_ENTITLEMENTS = Exposome/Exposome.entitlements;
				DEVELOPMENT_TEAM = BH7Z7SE66T;
				INFOPLIST_FILE = "$(SRCROOT)/Exposome/Info.plist";
				IPHONEOS_DEPLOYMENT_TARGET = 11.3;
				LD_RUNPATH_SEARCH_PATHS = "$(inherited) @executable_path/Frameworks";
				PRODUCT_BUNDLE_IDENTIFIER = io.carechain.exposome;
				PRODUCT_NAME = "$(TARGET_NAME)";
				SWIFT_VERSION = 4.0;
			};
			name = Debug;
		};
		E269C8681C6A31C7003E5DD9 /* Release */ = {
			isa = XCBuildConfiguration;
			baseConfigurationReference = F539981D0BEAB245E3F8C825 /* Pods-Exposome.release.xcconfig */;
			buildSettings = {
				ASSETCATALOG_COMPILER_APPICON_NAME = AppIcon;
				CODE_SIGN_ENTITLEMENTS = Exposome/Exposome.entitlements;
				DEVELOPMENT_TEAM = BH7Z7SE66T;
				INFOPLIST_FILE = "$(SRCROOT)/Exposome/Info.plist";
				IPHONEOS_DEPLOYMENT_TARGET = 11.3;
				LD_RUNPATH_SEARCH_PATHS = "$(inherited) @executable_path/Frameworks";
				PRODUCT_BUNDLE_IDENTIFIER = io.carechain.exposome;
				PRODUCT_NAME = "$(TARGET_NAME)";
				SWIFT_VERSION = 4.0;
			};
			name = Release;
		};
		E269C86A1C6A31C7003E5DD9 /* Debug */ = {
			isa = XCBuildConfiguration;
			buildSettings = {
				BUNDLE_LOADER = "$(TEST_HOST)";
				INFOPLIST_FILE = IOS9DrawRouteMapKitTutorialTests/Info.plist;
				LD_RUNPATH_SEARCH_PATHS = "$(inherited) @executable_path/Frameworks @loader_path/Frameworks";
				PRODUCT_BUNDLE_IDENTIFIER = com.ioscreator.IOS9DrawRouteMapKitTutorialTests;
				PRODUCT_NAME = "$(TARGET_NAME)";
				SWIFT_VERSION = 4.0;
				TEST_HOST = "$(BUILT_PRODUCTS_DIR)/Exposome.app/Exposome";
			};
			name = Debug;
		};
		E269C86B1C6A31C7003E5DD9 /* Release */ = {
			isa = XCBuildConfiguration;
			buildSettings = {
				BUNDLE_LOADER = "$(TEST_HOST)";
				INFOPLIST_FILE = IOS9DrawRouteMapKitTutorialTests/Info.plist;
				LD_RUNPATH_SEARCH_PATHS = "$(inherited) @executable_path/Frameworks @loader_path/Frameworks";
				PRODUCT_BUNDLE_IDENTIFIER = com.ioscreator.IOS9DrawRouteMapKitTutorialTests;
				PRODUCT_NAME = "$(TARGET_NAME)";
				SWIFT_VERSION = 4.0;
				TEST_HOST = "$(BUILT_PRODUCTS_DIR)/Exposome.app/Exposome";
			};
			name = Release;
		};
		E269C86D1C6A31C7003E5DD9 /* Debug */ = {
			isa = XCBuildConfiguration;
			buildSettings = {
				INFOPLIST_FILE = IOS9DrawRouteMapKitTutorialUITests/Info.plist;
				LD_RUNPATH_SEARCH_PATHS = "$(inherited) @executable_path/Frameworks @loader_path/Frameworks";
				PRODUCT_BUNDLE_IDENTIFIER = com.ioscreator.IOS9DrawRouteMapKitTutorialUITests;
				PRODUCT_NAME = "$(TARGET_NAME)";
				SWIFT_VERSION = 4.0;
				TEST_TARGET_NAME = IOS9DrawRouteMapKitTutorial;
				USES_XCTRUNNER = YES;
			};
			name = Debug;
		};
		E269C86E1C6A31C7003E5DD9 /* Release */ = {
			isa = XCBuildConfiguration;
			buildSettings = {
				INFOPLIST_FILE = IOS9DrawRouteMapKitTutorialUITests/Info.plist;
				LD_RUNPATH_SEARCH_PATHS = "$(inherited) @executable_path/Frameworks @loader_path/Frameworks";
				PRODUCT_BUNDLE_IDENTIFIER = com.ioscreator.IOS9DrawRouteMapKitTutorialUITests;
				PRODUCT_NAME = "$(TARGET_NAME)";
				SWIFT_VERSION = 4.0;
				TEST_TARGET_NAME = IOS9DrawRouteMapKitTutorial;
				USES_XCTRUNNER = YES;
			};
			name = Release;
		};
/* End XCBuildConfiguration section */

/* Begin XCConfigurationList section */
		E269C8391C6A31C3003E5DD9 /* Build configuration list for PBXProject "Exposome" */ = {
			isa = XCConfigurationList;
			buildConfigurations = (
				E269C8641C6A31C7003E5DD9 /* Debug */,
				E269C8651C6A31C7003E5DD9 /* Release */,
			);
			defaultConfigurationIsVisible = 0;
			defaultConfigurationName = Release;
		};
		E269C8661C6A31C7003E5DD9 /* Build configuration list for PBXNativeTarget "Exposome" */ = {
			isa = XCConfigurationList;
			buildConfigurations = (
				E269C8671C6A31C7003E5DD9 /* Debug */,
				E269C8681C6A31C7003E5DD9 /* Release */,
			);
			defaultConfigurationIsVisible = 0;
			defaultConfigurationName = Release;
		};
		E269C8691C6A31C7003E5DD9 /* Build configuration list for PBXNativeTarget "ExposomeTests" */ = {
			isa = XCConfigurationList;
			buildConfigurations = (
				E269C86A1C6A31C7003E5DD9 /* Debug */,
				E269C86B1C6A31C7003E5DD9 /* Release */,
			);
			defaultConfigurationIsVisible = 0;
			defaultConfigurationName = Release;
		};
		E269C86C1C6A31C7003E5DD9 /* Build configuration list for PBXNativeTarget "ExposomeUITests" */ = {
			isa = XCConfigurationList;
			buildConfigurations = (
				E269C86D1C6A31C7003E5DD9 /* Debug */,
				E269C86E1C6A31C7003E5DD9 /* Release */,
			);
			defaultConfigurationIsVisible = 0;
			defaultConfigurationName = Release;
		};
/* End XCConfigurationList section */
	};
	rootObject = E269C8361C6A31C3003E5DD9 /* Project object */;
}
